
Microsoft Visual Studio Solution File, Format Version 12.00
# Visual Studio 14
VisualStudioVersion = 14.0.24720.0
MinimumVisualStudioVersion = 10.0.40219.1
Project("{8BC9CEB8-8B4A-11D0-8D11-00A0C91BC942}") = "for循环学习", "for循环学习\for循环学习.vcxproj", "{E60C1C16-0EFB-40E8-A2FE-0A5D886A6616}"
EndProject
Project("{8BC9CEB8-8B4A-11D0-8D11-00A0C91BC942}") = "1.1helloword", "1.1helloword\1.1helloword.vcxproj", "{22C5B8CA-A189-4B82-8DCC-E1CBC7D6A34A}"
EndProject
Project("{8BC9CEB8-8B4A-11D0-8D11-00A0C91BC942}") = "for九九乘法表", "for九九乘法表\for九九乘法表.vcxproj", "{FC49480A-98F8-4C48-9889-186CE749BE46}"
EndProject
Project("{8BC9CEB8-8B4A-11D0-8D11-00A0C91BC942}") = "6.7强制类型转化和对初学者很重要求和程序讲解", "6.7强制类型转化和对初学者很重要求和程序讲解\6.7强制类型转化和对初学者很重要求和程序讲解.vcxproj", "{5D57037B-3C1F-40BB-9E56-5F275FC70AC6}"
EndProject
Project("{8BC9CEB8-8B4A-11D0-8D11-00A0C91BC942}") = "6.8浮点数的存错所带来的问题", "6.8浮点数的存错所带来的问题\6.8浮点数的存错所带来的问题.vcxproj", "{77BF0E11-602F-4591-8E9A-D6559BA9526B}"
EndProject
Project("{8BC9CEB8-8B4A-11D0-8D11-00A0C91BC942}") = "获取当前用户目录", "获取当前用户目录\获取当前用户目录.vcxproj", "{DD2186BD-A110-4036-B1DD-83024C38D8E1}"
EndProject
Project("{8BC9CEB8-8B4A-11D0-8D11-00A0C91BC942}") = "获取信息", "信息获取\获取信息.vcxproj", "{0B761A4D-E843-4104-BEF7-A0D545507292}"
EndProject
Project("{8BC9CEB8-8B4A-11D0-8D11-00A0C91BC942}") = "6.9for练习题1到100之前奇数之和", "6.9for练习题1到100之前奇数之和\6.9for练习题1到100之前奇数之和.vcxproj", "{CB7369BF-117A-4317-A8C0-947BD2CC3AE2}"
EndProject
Project("{8BC9CEB8-8B4A-11D0-8D11-00A0C91BC942}") = "6.9for练习题1到100之前奇数和个数", "6.9for练习题1到100之前奇数和个数\6.9for练习题1到100之前奇数和个数.vcxproj", "{B52C8210-031D-4850-8E23-2BCC0D4F6463}"
EndProject
Project("{8BC9CEB8-8B4A-11D0-8D11-00A0C91BC942}") = "6.9for练习题1到100之间的奇数平均值", "6.9for练习题1到100之间的奇数平均值\6.9for练习题1到100之间的奇数平均值.vcxproj", "{9498239D-3AA8-4558-94AE-7F0C0EB8E454}"
EndProject
Global
	GlobalSection(SolutionConfigurationPlatforms) = preSolution
		Debug|x64 = Debug|x64
		Debug|x86 = Debug|x86
		Release|x64 = Release|x64
		Release|x86 = Release|x86
	EndGlobalSection
	GlobalSection(ProjectConfigurationPlatforms) = postSolution
		{E60C1C16-0EFB-40E8-A2FE-0A5D886A6616}.Debug|x64.ActiveCfg = Debug|x64
		{E60C1C16-0EFB-40E8-A2FE-0A5D886A6616}.Debug|x64.Build.0 = Debug|x64
		{E60C1C16-0EFB-40E8-A2FE-0A5D886A6616}.Debug|x86.ActiveCfg = Debug|Win32
		{E60C1C16-0EFB-40E8-A2FE-0A5D886A6616}.Debug|x86.Build.0 = Debug|Win32
		{E60C1C16-0EFB-40E8-A2FE-0A5D886A6616}.Release|x64.ActiveCfg = Release|x64
		{E60C1C16-0EFB-40E8-A2FE-0A5D886A6616}.Release|x64.Build.0 = Release|x64
		{E60C1C16-0EFB-40E8-A2FE-0A5D886A6616}.Release|x86.ActiveCfg = Release|Win32
		{E60C1C16-0EFB-40E8-A2FE-0A5D886A6616}.Release|x86.Build.0 = Release|Win32
		{22C5B8CA-A189-4B82-8DCC-E1CBC7D6A34A}.Debug|x64.ActiveCfg = Debug|x64
		{22C5B8CA-A189-4B82-8DCC-E1CBC7D6A34A}.Debug|x64.Build.0 = Debug|x64
		{22C5B8CA-A189-4B82-8DCC-E1CBC7D6A34A}.Debug|x86.ActiveCfg = Debug|Win32
		{22C5B8CA-A189-4B82-8DCC-E1CBC7D6A34A}.Debug|x86.Build.0 = Debug|Win32
		{22C5B8CA-A189-4B82-8DCC-E1CBC7D6A34A}.Release|x64.ActiveCfg = Release|x64
		{22C5B8CA-A189-4B82-8DCC-E1CBC7D6A34A}.Release|x64.Build.0 = Release|x64
		{22C5B8CA-A189-4B82-8DCC-E1CBC7D6A34A}.Release|x86.ActiveCfg = Release|Win32
		{22C5B8CA-A189-4B82-8DCC-E1CBC7D6A34A}.Release|x86.Build.0 = Release|Win32
		{FC49480A-98F8-4C48-9889-186CE749BE46}.Debug|x64.ActiveCfg = Debug|x64
		{FC49480A-98F8-4C48-9889-186CE749BE46}.Debug|x64.Build.0 = Debug|x64
		{FC49480A-98F8-4C48-9889-186CE749BE46}.Debug|x86.ActiveCfg = Debug|Win32
		{FC49480A-98F8-4C48-9889-186CE749BE46}.Debug|x86.Build.0 = Debug|Win32
		{FC49480A-98F8-4C48-9889-186CE749BE46}.Release|x64.ActiveCfg = Release|x64
		{FC49480A-98F8-4C48-9889-186CE749BE46}.Release|x64.Build.0 = Release|x64
		{FC49480A-98F8-4C48-9889-186CE749BE46}.Release|x86.ActiveCfg = Release|Win32
		{FC49480A-98F8-4C48-9889-186CE749BE46}.Release|x86.Build.0 = Release|Win32
		{5D57037B-3C1F-40BB-9E56-5F275FC70AC6}.Debug|x64.ActiveCfg = Debug|x64
		{5D57037B-3C1F-40BB-9E56-5F275FC70AC6}.Debug|x64.Build.0 = Debug|x64
		{5D57037B-3C1F-40BB-9E56-5F275FC70AC6}.Debug|x86.ActiveCfg = Debug|Win32
		{5D57037B-3C1F-40BB-9E56-5F275FC70AC6}.Debug|x86.Build.0 = Debug|Win32
		{5D57037B-3C1F-40BB-9E56-5F275FC70AC6}.Release|x64.ActiveCfg = Release|x64
		{5D57037B-3C1F-40BB-9E56-5F275FC70AC6}.Release|x64.Build.0 = Release|x64
		{5D57037B-3C1F-40BB-9E56-5F275FC70AC6}.Release|x86.ActiveCfg = Release|Win32
		{5D57037B-3C1F-40BB-9E56-5F275FC70AC6}.Release|x86.Build.0 = Release|Win32
		{77BF0E11-602F-4591-8E9A-D6559BA9526B}.Debug|x64.ActiveCfg = Debug|x64
		{77BF0E11-602F-4591-8E9A-D6559BA9526B}.Debug|x64.Build.0 = Debug|x64
		{77BF0E11-602F-4591-8E9A-D6559BA9526B}.Debug|x86.ActiveCfg = Debug|Win32
		{77BF0E11-602F-4591-8E9A-D6559BA9526B}.Debug|x86.Build.0 = Debug|Win32
		{77BF0E11-602F-4591-8E9A-D6559BA9526B}.Release|x64.ActiveCfg = Release|x64
		{77BF0E11-602F-4591-8E9A-D6559BA9526B}.Release|x64.Build.0 = Release|x64
		{77BF0E11-602F-4591-8E9A-D6559BA9526B}.Release|x86.ActiveCfg = Release|Win32
		{77BF0E11-602F-4591-8E9A-D6559BA9526B}.Release|x86.Build.0 = Release|Win32
		{DD2186BD-A110-4036-B1DD-83024C38D8E1}.Debug|x64.ActiveCfg = Debug|x64
		{DD2186BD-A110-4036-B1DD-83024C38D8E1}.Debug|x64.Build.0 = Debug|x64
		{DD2186BD-A110-4036-B1DD-83024C38D8E1}.Debug|x86.ActiveCfg = Debug|Win32
		{DD2186BD-A110-4036-B1DD-83024C38D8E1}.Debug|x86.Build.0 = Debug|Win32
		{DD2186BD-A110-4036-B1DD-83024C38D8E1}.Release|x64.ActiveCfg = Release|x64
		{DD2186BD-A110-4036-B1DD-83024C38D8E1}.Release|x64.Build.0 = Release|x64
		{DD2186BD-A110-4036-B1DD-83024C38D8E1}.Release|x86.ActiveCfg = Release|Win32
		{DD2186BD-A110-4036-B1DD-83024C38D8E1}.Release|x86.Build.0 = Release|Win32
		{0B761A4D-E843-4104-BEF7-A0D545507292}.Debug|x64.ActiveCfg = Debug|Win32
		{0B761A4D-E843-4104-BEF7-A0D545507292}.Debug|x86.ActiveCfg = Debug|Win32
		{0B761A4D-E843-4104-BEF7-A0D545507292}.Debug|x86.Build.0 = Debug|Win32
		{0B761A4D-E843-4104-BEF7-A0D545507292}.Release|x64.ActiveCfg = Release|Win32
		{0B761A4D-E843-4104-BEF7-A0D545507292}.Release|x86.ActiveCfg = Release|Win32
		{0B761A4D-E843-4104-BEF7-A0D545507292}.Release|x86.Build.0 = Release|Win32
		{CB7369BF-117A-4317-A8C0-947BD2CC3AE2}.Debug|x64.ActiveCfg = Debug|x64
		{CB7369BF-117A-4317-A8C0-947BD2CC3AE2}.Debug|x64.Build.0 = Debug|x64
		{CB7369BF-117A-4317-A8C0-947BD2CC3AE2}.Debug|x86.ActiveCfg = Debug|Win32
		{CB7369BF-117A-4317-A8C0-947BD2CC3AE2}.Debug|x86.Build.0 = Debug|Win32
		{CB7369BF-117A-4317-A8C0-947BD2CC3AE2}.Release|x64.ActiveCfg = Release|x64
		{CB7369BF-117A-4317-A8C0-947BD2CC3AE2}.Release|x64.Build.0 = Release|x64
		{CB7369BF-117A-4317-A8C0-947BD2CC3AE2}.Release|x86.ActiveCfg = Release|Win32
		{CB7369BF-117A-4317-A8C0-947BD2CC3AE2}.Release|x86.Build.0 = Release|Win32
		{B52C8210-031D-4850-8E23-2BCC0D4F6463}.Debug|x64.ActiveCfg = Debug|x64
		{B52C8210-031D-4850-8E23-2BCC0D4F6463}.Debug|x64.Build.0 = Debug|x64
		{B52C8210-031D-4850-8E23-2BCC0D4F6463}.Debug|x86.ActiveCfg = Debug|Win32
		{B52C8210-031D-4850-8E23-2BCC0D4F6463}.Debug|x86.Build.0 = Debug|Win32
		{B52C8210-031D-4850-8E23-2BCC0D4F6463}.Release|x64.ActiveCfg = Release|x64
		{B52C8210-031D-4850-8E23-2BCC0D4F6463}.Release|x64.Build.0 = Release|x64
		{B52C8210-031D-4850-8E23-2BCC0D4F6463}.Release|x86.ActiveCfg = Release|Win32
		{B52C8210-031D-4850-8E23-2BCC0D4F6463}.Release|x86.Build.0 = Release|Win32
		{9498239D-3AA8-4558-94AE-7F0C0EB8E454}.Debug|x64.ActiveCfg = Debug|x64
		{9498239D-3AA8-4558-94AE-7F0C0EB8E454}.Debug|x64.Build.0 = Debug|x64
		{9498239D-3AA8-4558-94AE-7F0C0EB8E454}.Debug|x86.ActiveCfg = Debug|Win32
		{9498239D-3AA8-4558-94AE-7F0C0EB8E454}.Debug|x86.Build.0 = Debug|Win32
		{9498239D-3AA8-4558-94AE-7F0C0EB8E454}.Release|x64.ActiveCfg = Release|x64
		{9498239D-3AA8-4558-94AE-7F0C0EB8E454}.Release|x64.Build.0 = Release|x64
		{9498239D-3AA8-4558-94AE-7F0C0EB8E454}.Release|x86.ActiveCfg = Release|Win32
		{9498239D-3AA8-4558-94AE-7F0C0EB8E454}.Release|x86.Build.0 = Release|Win32
	EndGlobalSection
	GlobalSection(SolutionProperties) = preSolution
		HideSolutionNode = FALSE
	EndGlobalSection
EndGlobal
