
Microsoft Visual Studio Solution File, Format Version 11.00
# Visual Studio 2010
Project("{8BC9CEB8-8B4A-11D0-8D11-00A0C91BC942}") = "获取信息", "获取信息.vcxproj", "{0B761A4D-E843-4104-BEF7-A0D545507292}"
EndProject
Global
	GlobalSection(SolutionConfigurationPlatforms) = preSolution
		Debug|Win32 = Debug|Win32
		Release|Win32 = Release|Win32
	EndGlobalSection
	GlobalSection(ProjectConfigurationPlatforms) = postSolution
		{0B761A4D-E843-4104-BEF7-A0D545507292}.Debug|Win32.ActiveCfg = Debug|Win32
		{0B761A4D-E843-4104-BEF7-A0D545507292}.Debug|Win32.Build.0 = Debug|Win32
		{0B761A4D-E843-4104-BEF7-A0D545507292}.Release|Win32.ActiveCfg = Release|Win32
		{0B761A4D-E843-4104-BEF7-A0D545507292}.Release|Win32.Build.0 = Release|Win32
	EndGlobalSection
	GlobalSection(SolutionProperties) = preSolution
		HideSolutionNode = FALSE
	EndGlobalSection
EndGlobal
